// !$*UTF8*$!
{
	archiveVersion = 1;
	classes = {
	};
	objectVersion = 55;
	objects = {

/* Begin PBXBuildFile section */
		B245DF082834CAD700C0A40E /* ActionsApp.swift in Sources */ = {isa = PBXBuildFile; fileRef = B245DF072834CAD700C0A40E /* ActionsApp.swift */; };
		B245DF0A2834CAD700C0A40E /* ContentView.swift in Sources */ = {isa = PBXBuildFile; fileRef = B245DF092834CAD700C0A40E /* ContentView.swift */; };
		B245DF0C2834CADA00C0A40E /* Assets.xcassets in Resources */ = {isa = PBXBuildFile; fileRef = B245DF0B2834CADA00C0A40E /* Assets.xcassets */; };
		B245DF0F2834CADA00C0A40E /* Preview Assets.xcassets in Resources */ = {isa = PBXBuildFile; fileRef = B245DF0E2834CADA00C0A40E /* Preview Assets.xcassets */; };
		B245DF192834CADA00C0A40E /* ActionsTests.swift in Sources */ = {isa = PBXBuildFile; fileRef = B245DF182834CADA00C0A40E /* ActionsTests.swift */; };
		B245DF232834CADA00C0A40E /* ActionsUITests.swift in Sources */ = {isa = PBXBuildFile; fileRef = B245DF222834CADA00C0A40E /* ActionsUITests.swift */; };
		B245DF252834CADA00C0A40E /* ActionsUITestsLaunchTests.swift in Sources */ = {isa = PBXBuildFile; fileRef = B245DF242834CADA00C0A40E /* ActionsUITestsLaunchTests.swift */; };
/* End PBXBuildFile section */

/* Begin PBXContainerItemProxy section */
		B245DF152834CADA00C0A40E /* PBXContainerItemProxy */ = {
			isa = PBXContainerItemProxy;
			containerPortal = B245DEFC2834CAD700C0A40E /* Project object */;
			proxyType = 1;
			remoteGlobalIDString = B245DF032834CAD700C0A40E;
			remoteInfo = Actions;
		};
		B245DF1F2834CADA00C0A40E /* PBXContainerItemProxy */ = {
			isa = PBXContainerItemProxy;
			containerPortal = B245DEFC2834CAD700C0A40E /* Project object */;
			proxyType = 1;
			remoteGlobalIDString = B245DF032834CAD700C0A40E;
			remoteInfo = Actions;
		};
/* End PBXContainerItemProxy section */

/* Begin PBXFileReference section */
		B245DF042834CAD700C0A40E /* Actions.app */ = {isa = PBXFileReference; explicitFileType = wrapper.application; includeInIndex = 0; path = Actions.app; sourceTree = BUILT_PRODUCTS_DIR; };
		B245DF072834CAD700C0A40E /* ActionsApp.swift */ = {isa = PBXFileReference; lastKnownFileType = sourcecode.swift; path = ActionsApp.swift; sourceTree = "<group>"; };
		B245DF092834CAD700C0A40E /* ContentView.swift */ = {isa = PBXFileReference; lastKnownFileType = sourcecode.swift; path = ContentView.swift; sourceTree = "<group>"; };
		B245DF0B2834CADA00C0A40E /* Assets.xcassets */ = {isa = PBXFileReference; lastKnownFileType = folder.assetcatalog; path = Assets.xcassets; sourceTree = "<group>"; };
		B245DF0E2834CADA00C0A40E /* Preview Assets.xcassets */ = {isa = PBXFileReference; lastKnownFileType = folder.assetcatalog; path = "Preview Assets.xcassets"; sourceTree = "<group>"; };
		B245DF142834CADA00C0A40E /* ActionsTests.xctest */ = {isa = PBXFileReference; explicitFileType = wrapper.cfbundle; includeInIndex = 0; path = ActionsTests.xctest; sourceTree = BUILT_PRODUCTS_DIR; };
		B245DF182834CADA00C0A40E /* ActionsTests.swift */ = {isa = PBXFileReference; lastKnownFileType = sourcecode.swift; path = ActionsTests.swift; sourceTree = "<group>"; };
		B245DF1E2834CADA00C0A40E /* ActionsUITests.xctest */ = {isa = PBXFileReference; explicitFileType = wrapper.cfbundle; includeInIndex = 0; path = ActionsUITests.xctest; sourceTree = BUILT_PRODUCTS_DIR; };
		B245DF222834CADA00C0A40E /* ActionsUITests.swift */ = {isa = PBXFileReference; lastKnownFileType = sourcecode.swift; path = ActionsUITests.swift; sourceTree = "<group>"; };
		B245DF242834CADA00C0A40E /* ActionsUITestsLaunchTests.swift */ = {isa = PBXFileReference; lastKnownFileType = sourcecode.swift; path = ActionsUITestsLaunchTests.swift; sourceTree = "<group>"; };
/* End PBXFileReference section */

/* Begin PBXFrameworksBuildPhase section */
		B245DF012834CAD700C0A40E /* Frameworks */ = {
			isa = PBXFrameworksBuildPhase;
			buildActionMask = 2147483647;
			files = (
			);
			runOnlyForDeploymentPostprocessing = 0;
		};
		B245DF112834CADA00C0A40E /* Frameworks */ = {
			isa = PBXFrameworksBuildPhase;
			buildActionMask = 2147483647;
			files = (
			);
			runOnlyForDeploymentPostprocessing = 0;
		};
		B245DF1B2834CADA00C0A40E /* Frameworks */ = {
			isa = PBXFrameworksBuildPhase;
			buildActionMask = 2147483647;
			files = (
			);
			runOnlyForDeploymentPostprocessing = 0;
		};
/* End PBXFrameworksBuildPhase section */

/* Begin PBXGroup section */
		B245DEFB2834CAD700C0A40E = {
			isa = PBXGroup;
			children = (
				B245DF062834CAD700C0A40E /* Actions */,
				B245DF172834CADA00C0A40E /* ActionsTests */,
				B245DF212834CADA00C0A40E /* ActionsUITests */,
				B245DF052834CAD700C0A40E /* Products */,
			);
			sourceTree = "<group>";
		};
		B245DF052834CAD700C0A40E /* Products */ = {
			isa = PBXGroup;
			children = (
				B245DF042834CAD700C0A40E /* Actions.app */,
				B245DF142834CADA00C0A40E /* ActionsTests.xctest */,
				B245DF1E2834CADA00C0A40E /* ActionsUITests.xctest */,
			);
			name = Products;
			sourceTree = "<group>";
		};
		B245DF062834CAD700C0A40E /* Actions */ = {
			isa = PBXGroup;
			children = (
				B245DF072834CAD700C0A40E /* ActionsApp.swift */,
				B245DF092834CAD700C0A40E /* ContentView.swift */,
				B245DF0B2834CADA00C0A40E /* Assets.xcassets */,
				B245DF0D2834CADA00C0A40E /* Preview Content */,
			);
			path = Actions;
			sourceTree = "<group>";
		};
		B245DF0D2834CADA00C0A40E /* Preview Content */ = {
			isa = PBXGroup;
			children = (
				B245DF0E2834CADA00C0A40E /* Preview Assets.xcassets */,
			);
			path = "Preview Content";
			sourceTree = "<group>";
		};
		B245DF172834CADA00C0A40E /* ActionsTests */ = {
			isa = PBXGroup;
			children = (
				B245DF182834CADA00C0A40E /* ActionsTests.swift */,
			);
			path = ActionsTests;
			sourceTree = "<group>";
		};
		B245DF212834CADA00C0A40E /* ActionsUITests */ = {
			isa = PBXGroup;
			children = (
				B245DF222834CADA00C0A40E /* ActionsUITests.swift */,
				B245DF242834CADA00C0A40E /* ActionsUITestsLaunchTests.swift */,
			);
			path = ActionsUITests;
			sourceTree = "<group>";
		};
/* End PBXGroup section */

/* Begin PBXNativeTarget section */
		B245DF032834CAD700C0A40E /* Actions */ = {
			isa = PBXNativeTarget;
			buildConfigurationList = B245DF282834CADA00C0A40E /* Build configuration list for PBXNativeTarget "Actions" */;
			buildPhases = (
				B245DF002834CAD700C0A40E /* Sources */,
				B245DF012834CAD700C0A40E /* Frameworks */,
				B245DF022834CAD700C0A40E /* Resources */,
			);
			buildRules = (
			);
			dependencies = (
			);
			name = Actions;
			productName = Actions;
			productReference = B245DF042834CAD700C0A40E /* Actions.app */;
			productType = "com.apple.product-type.application";
		};
		B245DF132834CADA00C0A40E /* ActionsTests */ = {
			isa = PBXNativeTarget;
			buildConfigurationList = B245DF2B2834CADA00C0A40E /* Build configuration list for PBXNativeTarget "ActionsTests" */;
			buildPhases = (
				B245DF102834CADA00C0A40E /* Sources */,
				B245DF112834CADA00C0A40E /* Frameworks */,
				B245DF122834CADA00C0A40E /* Resources */,
			);
			buildRules = (
			);
			dependencies = (
				B245DF162834CADA00C0A40E /* PBXTargetDependency */,
			);
			name = ActionsTests;
			productName = ActionsTests;
			productReference = B245DF142834CADA00C0A40E /* ActionsTests.xctest */;
			productType = "com.apple.product-type.bundle.unit-test";
		};
		B245DF1D2834CADA00C0A40E /* ActionsUITests */ = {
			isa = PBXNativeTarget;
			buildConfigurationList = B245DF2E2834CADA00C0A40E /* Build configuration list for PBXNativeTarget "ActionsUITests" */;
			buildPhases = (
				B245DF1A2834CADA00C0A40E /* Sources */,
				B245DF1B2834CADA00C0A40E /* Frameworks */,
				B245DF1C2834CADA00C0A40E /* Resources */,
			);
			buildRules = (
			);
			dependencies = (
				B245DF202834CADA00C0A40E /* PBXTargetDependency */,
			);
			name = ActionsUITests;
			productName = ActionsUITests;
			productReference = B245DF1E2834CADA00C0A40E /* ActionsUITests.xctest */;
			productType = "com.apple.product-type.bundle.ui-testing";
		};
/* End PBXNativeTarget section */

/* Begin PBXProject section */
		B245DEFC2834CAD700C0A40E /* Project object */ = {
			isa = PBXProject;
			attributes = {
				BuildIndependentTargetsInParallel = 1;
				LastSwiftUpdateCheck = 1340;
				LastUpgradeCheck = 1340;
				TargetAttributes = {
					B245DF032834CAD700C0A40E = {
						CreatedOnToolsVersion = 13.4;
					};
					B245DF132834CADA00C0A40E = {
						CreatedOnToolsVersion = 13.4;
						TestTargetID = B245DF032834CAD700C0A40E;
					};
					B245DF1D2834CADA00C0A40E = {
						CreatedOnToolsVersion = 13.4;
						TestTargetID = B245DF032834CAD700C0A40E;
					};
				};
			};
			buildConfigurationList = B245DEFF2834CAD700C0A40E /* Build configuration list for PBXProject "Actions" */;
			compatibilityVersion = "Xcode 13.0";
			developmentRegion = en;
			hasScannedForEncodings = 0;
			knownRegions = (
				en,
				Base,
			);
			mainGroup = B245DEFB2834CAD700C0A40E;
			productRefGroup = B245DF052834CAD700C0A40E /* Products */;
			projectDirPath = "";
			projectRoot = "";
			targets = (
				B245DF032834CAD700C0A40E /* Actions */,
				B245DF132834CADA00C0A40E /* ActionsTests */,
				B245DF1D2834CADA00C0A40E /* ActionsUITests */,
			);
		};
/* End PBXProject section */

/* Begin PBXResourcesBuildPhase section */
		B245DF022834CAD700C0A40E /* Resources */ = {
			isa = PBXResourcesBuildPhase;
			buildActionMask = 2147483647;
			files = (
				B245DF0F2834CADA00C0A40E /* Preview Assets.xcassets in Resources */,
				B245DF0C2834CADA00C0A40E /* Assets.xcassets in Resources */,
			);
			runOnlyForDeploymentPostprocessing = 0;
		};
		B245DF122834CADA00C0A40E /* Resources */ = {
			isa = PBXResourcesBuildPhase;
			buildActionMask = 2147483647;
			files = (
			);
			runOnlyForDeploymentPostprocessing = 0;
		};
		B245DF1C2834CADA00C0A40E /* Resources */ = {
			isa = PBXResourcesBuildPhase;
			buildActionMask = 2147483647;
			files = (
			);
			runOnlyForDeploymentPostprocessing = 0;
		};
/* End PBXResourcesBuildPhase section */

/* Begin PBXSourcesBuildPhase section */
		B245DF002834CAD700C0A40E /* Sources */ = {
			isa = PBXSourcesBuildPhase;
			buildActionMask = 2147483647;
			files = (
				B245DF0A2834CAD700C0A40E /* ContentView.swift in Sources */,
				B245DF082834CAD700C0A40E /* ActionsApp.swift in Sources */,
			);
			runOnlyForDeploymentPostprocessing = 0;
		};
		B245DF102834CADA00C0A40E /* Sources */ = {
			isa = PBXSourcesBuildPhase;
			buildActionMask = 2147483647;
			files = (
				B245DF192834CADA00C0A40E /* ActionsTests.swift in Sources */,
			);
			runOnlyForDeploymentPostprocessing = 0;
		};
		B245DF1A2834CADA00C0A40E /* Sources */ = {
			isa = PBXSourcesBuildPhase;
			buildActionMask = 2147483647;
			files = (
				B245DF252834CADA00C0A40E /* ActionsUITestsLaunchTests.swift in Sources */,
				B245DF232834CADA00C0A40E /* ActionsUITests.swift in Sources */,
			);
			runOnlyForDeploymentPostprocessing = 0;
		};
/* End PBXSourcesBuildPhase section */

/* Begin PBXTargetDependency section */
		B245DF162834CADA00C0A40E /* PBXTargetDependency */ = {
			isa = PBXTargetDependency;
			target = B245DF032834CAD700C0A40E /* Actions */;
			targetProxy = B245DF152834CADA00C0A40E /* PBXContainerItemProxy */;
		};
		B245DF202834CADA00C0A40E /* PBXTargetDependency */ = {
			isa = PBXTargetDependency;
			target = B245DF032834CAD700C0A40E /* Actions */;
			targetProxy = B245DF1F2834CADA00C0A40E /* PBXContainerItemProxy */;
		};
/* End PBXTargetDependency section */

/* Begin XCBuildConfiguration section */
		B245DF262834CADA00C0A40E /* Debug */ = {
			isa = XCBuildConfiguration;
			buildSettings = {
				ALWAYS_SEARCH_USER_PATHS = NO;
				CLANG_ANALYZER_NONNULL = YES;
				CLANG_ANALYZER_NUMBER_OBJECT_CONVERSION = YES_AGGRESSIVE;
				CLANG_CXX_LANGUAGE_STANDARD = "gnu++17";
				CLANG_ENABLE_MODULES = YES;
				CLANG_ENABLE_OBJC_ARC = YES;
				CLANG_ENABLE_OBJC_WEAK = YES;
				CLANG_WARN_BLOCK_CAPTURE_AUTORELEASING = YES;
				CLANG_WARN_BOOL_CONVERSION = YES;
				CLANG_WARN_COMMA = YES;
				CLANG_WARN_CONSTANT_CONVERSION = YES;
				CLANG_WARN_DEPRECATED_OBJC_IMPLEMENTATIONS = YES;
				CLANG_WARN_DIRECT_OBJC_ISA_USAGE = YES_ERROR;
				CLANG_WARN_DOCUMENTATION_COMMENTS = YES;
				CLANG_WARN_EMPTY_BODY = YES;
				CLANG_WARN_ENUM_CONVERSION = YES;
				CLANG_WARN_INFINITE_RECURSION = YES;
				CLANG_WARN_INT_CONVERSION = YES;
				CLANG_WARN_NON_LITERAL_NULL_CONVERSION = YES;
				CLANG_WARN_OBJC_IMPLICIT_RETAIN_SELF = YES;
				CLANG_WARN_OBJC_LITERAL_CONVERSION = YES;
				CLANG_WARN_OBJC_ROOT_CLASS = YES_ERROR;
				CLANG_WARN_QUOTED_INCLUDE_IN_FRAMEWORK_HEADER = YES;
				CLANG_WARN_RANGE_LOOP_ANALYSIS = YES;
				CLANG_WARN_STRICT_PROTOTYPES = YES;
				CLANG_WARN_SUSPICIOUS_MOVE = YES;
				CLANG_WARN_UNGUARDED_AVAILABILITY = YES_AGGRESSIVE;
				CLANG_WARN_UNREACHABLE_CODE = YES;
				CLANG_WARN__DUPLICATE_METHOD_MATCH = YES;
				COPY_PHASE_STRIP = NO;
				DEBUG_INFORMATION_FORMAT = dwarf;
				ENABLE_STRICT_OBJC_MSGSEND = YES;
				ENABLE_TESTABILITY = YES;
				GCC_C_LANGUAGE_STANDARD = gnu11;
				GCC_DYNAMIC_NO_PIC = NO;
				GCC_NO_COMMON_BLOCKS = YES;
				GCC_OPTIMIZATION_LEVEL = 0;
				GCC_PREPROCESSOR_DEFINITIONS = (
					"DEBUG=1",
					"$(inherited)",
				);
				GCC_WARN_64_TO_32_BIT_CONVERSION = YES;
				GCC_WARN_ABOUT_RETURN_TYPE = YES_ERROR;
				GCC_WARN_UNDECLARED_SELECTOR = YES;
				GCC_WARN_UNINITIALIZED_AUTOS = YES_AGGRESSIVE;
				GCC_WARN_UNUSED_FUNCTION = YES;
				GCC_WARN_UNUSED_VARIABLE = YES;
				IPHONEOS_DEPLOYMENT_TARGET = 15.5;
				MTL_ENABLE_DEBUG_INFO = INCLUDE_SOURCE;
				MTL_FAST_MATH = YES;
				ONLY_ACTIVE_ARCH = YES;
				SDKROOT = iphoneos;
				SWIFT_ACTIVE_COMPILATION_CONDITIONS = DEBUG;
				SWIFT_OPTIMIZATION_LEVEL = "-Onone";
			};
			name = Debug;
		};
		B245DF272834CADA00C0A40E /* Release */ = {
			isa = XCBuildConfiguration;
			buildSettings = {
				ALWAYS_SEARCH_USER_PATHS = NO;
				CLANG_ANALYZER_NONNULL = YES;
				CLANG_ANALYZER_NUMBER_OBJECT_CONVERSION = YES_AGGRESSIVE;
				CLANG_CXX_LANGUAGE_STANDARD = "gnu++17";
				CLANG_ENABLE_MODULES = YES;
				CLANG_ENABLE_OBJC_ARC = YES;
				CLANG_ENABLE_OBJC_WEAK = YES;
				CLANG_WARN_BLOCK_CAPTURE_AUTORELEASING = YES;
				CLANG_WARN_BOOL_CONVERSION = YES;
				CLANG_WARN_COMMA = YES;
				CLANG_WARN_CONSTANT_CONVERSION = YES;
				CLANG_WARN_DEPRECATED_OBJC_IMPLEMENTATIONS = YES;
				CLANG_WARN_DIRECT_OBJC_ISA_USAGE = YES_ERROR;
				CLANG_WARN_DOCUMENTATION_COMMENTS = YES;
				CLANG_WARN_EMPTY_BODY = YES;
				CLANG_WARN_ENUM_CONVERSION = YES;
				CLANG_WARN_INFINITE_RECURSION = YES;
				CLANG_WARN_INT_CONVERSION = YES;
				CLANG_WARN_NON_LITERAL_NULL_CONVERSION = YES;
				CLANG_WARN_OBJC_IMPLICIT_RETAIN_SELF = YES;
				CLANG_WARN_OBJC_LITERAL_CONVERSION = YES;
				CLANG_WARN_OBJC_ROOT_CLASS = YES_ERROR;
				CLANG_WARN_QUOTED_INCLUDE_IN_FRAMEWORK_HEADER = YES;
				CLANG_WARN_RANGE_LOOP_ANALYSIS = YES;
				CLANG_WARN_STRICT_PROTOTYPES = YES;
				CLANG_WARN_SUSPICIOUS_MOVE = YES;
				CLANG_WARN_UNGUARDED_AVAILABILITY = YES_AGGRESSIVE;
				CLANG_WARN_UNREACHABLE_CODE = YES;
				CLANG_WARN__DUPLICATE_METHOD_MATCH = YES;
				COPY_PHASE_STRIP = NO;
				DEBUG_INFORMATION_FORMAT = "dwarf-with-dsym";
				ENABLE_NS_ASSERTIONS = NO;
				ENABLE_STRICT_OBJC_MSGSEND = YES;
				GCC_C_LANGUAGE_STANDARD = gnu11;
				GCC_NO_COMMON_BLOCKS = YES;
				GCC_WARN_64_TO_32_BIT_CONVERSION = YES;
				GCC_WARN_ABOUT_RETURN_TYPE = YES_ERROR;
				GCC_WARN_UNDECLARED_SELECTOR = YES;
				GCC_WARN_UNINITIALIZED_AUTOS = YES_AGGRESSIVE;
				GCC_WARN_UNUSED_FUNCTION = YES;
				GCC_WARN_UNUSED_VARIABLE = YES;
				IPHONEOS_DEPLOYMENT_TARGET = 15.5;
				MTL_ENABLE_DEBUG_INFO = NO;
				MTL_FAST_MATH = YES;
				SDKROOT = iphoneos;
				SWIFT_COMPILATION_MODE = wholemodule;
				SWIFT_OPTIMIZATION_LEVEL = "-O";
				VALIDATE_PRODUCT = YES;
			};
			name = Release;
		};
		B245DF292834CADA00C0A40E /* Debug */ = {
			isa = XCBuildConfiguration;
			buildSettings = {
				ASSETCATALOG_COMPILER_APPICON_NAME = AppIcon;
				ASSETCATALOG_COMPILER_GLOBAL_ACCENT_COLOR_NAME = AccentColor;
				CODE_SIGN_STYLE = Automatic;
				CURRENT_PROJECT_VERSION = 1;
				DEVELOPMENT_ASSET_PATHS = "\"Actions/Preview Content\"";
				DEVELOPMENT_TEAM = 6P8C5K6GS8;
				ENABLE_PREVIEWS = YES;
				GENERATE_INFOPLIST_FILE = YES;
				INFOPLIST_KEY_UIApplicationSceneManifest_Generation = YES;
				INFOPLIST_KEY_UIApplicationSupportsIndirectInputEvents = YES;
				INFOPLIST_KEY_UILaunchScreen_Generation = YES;
				INFOPLIST_KEY_UISupportedInterfaceOrientations_iPad = "UIInterfaceOrientationPortrait UIInterfaceOrientationPortraitUpsideDown UIInterfaceOrientationLandscapeLeft UIInterfaceOrientationLandscapeRight";
				INFOPLIST_KEY_UISupportedInterfaceOrientations_iPhone = "UIInterfaceOrientationPortrait UIInterfaceOrientationLandscapeLeft UIInterfaceOrientationLandscapeRight";
				LD_RUNPATH_SEARCH_PATHS = (
					"$(inherited)",
					"@executable_path/Frameworks",
				);
				MARKETING_VERSION = 1.0;
				PRODUCT_BUNDLE_IDENTIFIER = com.app.Actions;
				PRODUCT_NAME = "$(TARGET_NAME)";
				SWIFT_EMIT_LOC_STRINGS = YES;
				SWIFT_VERSION = 5.0;
				TARGETED_DEVICE_FAMILY = "1,2";
			};
			name = Debug;
		};
		B245DF2A2834CADA00C0A40E /* Release */ = {
			isa = XCBuildConfiguration;
			buildSettings = {
				ASSETCATALOG_COMPILER_APPICON_NAME = AppIcon;
				ASSETCATALOG_COMPILER_GLOBAL_ACCENT_COLOR_NAME = AccentColor;
				CODE_SIGN_STYLE = Automatic;
				CURRENT_PROJECT_VERSION = 1;
				DEVELOPMENT_ASSET_PATHS = "\"Actions/Preview Content\"";
				DEVELOPMENT_TEAM = 6P8C5K6GS8;
				ENABLE_PREVIEWS = YES;
				GENERATE_INFOPLIST_FILE = YES;
				INFOPLIST_KEY_UIApplicationSceneManifest_Generation = YES;
				INFOPLIST_KEY_UIApplicationSupportsIndirectInputEvents = YES;
				INFOPLIST_KEY_UILaunchScreen_Generation = YES;
				INFOPLIST_KEY_UISupportedInterfaceOrientations_iPad = "UIInterfaceOrientationPortrait UIInterfaceOrientationPortraitUpsideDown UIInterfaceOrientationLandscapeLeft UIInterfaceOrientationLandscapeRight";
				INFOPLIST_KEY_UISupportedInterfaceOrientations_iPhone = "UIInterfaceOrientationPortrait UIInterfaceOrientationLandscapeLeft UIInterfaceOrientationLandscapeRight";
				LD_RUNPATH_SEARCH_PATHS = (
					"$(inherited)",
					"@executable_path/Frameworks",
				);
				MARKETING_VERSION = 1.0;
				PRODUCT_BUNDLE_IDENTIFIER = com.app.Actions;
				PRODUCT_NAME = "$(TARGET_NAME)";
				SWIFT_EMIT_LOC_STRINGS = YES;
				SWIFT_VERSION = 5.0;
				TARGETED_DEVICE_FAMILY = "1,2";
			};
			name = Release;
		};
		B245DF2C2834CADA00C0A40E /* Debug */ = {
			isa = XCBuildConfiguration;
			buildSettings = {
				ALWAYS_EMBED_SWIFT_STANDARD_LIBRARIES = YES;
				BUNDLE_LOADER = "$(TEST_HOST)";
				CODE_SIGN_STYLE = Automatic;
				CURRENT_PROJECT_VERSION = 1;
				DEVELOPMENT_TEAM = 6P8C5K6GS8;
				GENERATE_INFOPLIST_FILE = YES;
				IPHONEOS_DEPLOYMENT_TARGET = 15.5;
				MARKETING_VERSION = 1.0;
				PRODUCT_BUNDLE_IDENTIFIER = com.app.ActionsTests;
				PRODUCT_NAME = "$(TARGET_NAME)";
				SWIFT_EMIT_LOC_STRINGS = NO;
				SWIFT_VERSION = 5.0;
				TARGETED_DEVICE_FAMILY = "1,2";
				TEST_HOST = "$(BUILT_PRODUCTS_DIR)/Actions.app/Actions";
			};
			name = Debug;
		};
		B245DF2D2834CADA00C0A40E /* Release */ = {
			isa = XCBuildConfiguration;
			buildSettings = {
				ALWAYS_EMBED_SWIFT_STANDARD_LIBRARIES = YES;
				BUNDLE_LOADER = "$(TEST_HOST)";
				CODE_SIGN_STYLE = Automatic;
				CURRENT_PROJECT_VERSION = 1;
				DEVELOPMENT_TEAM = 6P8C5K6GS8;
				GENERATE_INFOPLIST_FILE = YES;
				IPHONEOS_DEPLOYMENT_TARGET = 15.5;
				MARKETING_VERSION = 1.0;
				PRODUCT_BUNDLE_IDENTIFIER = com.app.ActionsTests;
				PRODUCT_NAME = "$(TARGET_NAME)";
				SWIFT_EMIT_LOC_STRINGS = NO;
				SWIFT_VERSION = 5.0;
				TARGETED_DEVICE_FAMILY = "1,2";
				TEST_HOST = "$(BUILT_PRODUCTS_DIR)/Actions.app/Actions";
			};
			name = Release;
		};
		B245DF2F2834CADA00C0A40E /* Debug */ = {
			isa = XCBuildConfiguration;
			buildSettings = {
				ALWAYS_EMBED_SWIFT_STANDARD_LIBRARIES = YES;
				CODE_SIGN_STYLE = Automatic;
				CURRENT_PROJECT_VERSION = 1;
				DEVELOPMENT_TEAM = 6P8C5K6GS8;
				GENERATE_INFOPLIST_FILE = YES;
				MARKETING_VERSION = 1.0;
				PRODUCT_BUNDLE_IDENTIFIER = com.app.ActionsUITests;
				PRODUCT_NAME = "$(TARGET_NAME)";
				SWIFT_EMIT_LOC_STRINGS = NO;
				SWIFT_VERSION = 5.0;
				TARGETED_DEVICE_FAMILY = "1,2";
				TEST_TARGET_NAME = Actions;
			};
			name = Debug;
		};
		B245DF302834CADA00C0A40E /* Release */ = {
			isa = XCBuildConfiguration;
			buildSettings = {
				ALWAYS_EMBED_SWIFT_STANDARD_LIBRARIES = YES;
				CODE_SIGN_STYLE = Automatic;
				CURRENT_PROJECT_VERSION = 1;
				DEVELOPMENT_TEAM = 6P8C5K6GS8;
				GENERATE_INFOPLIST_FILE = YES;
				MARKETING_VERSION = 1.0;
				PRODUCT_BUNDLE_IDENTIFIER = com.app.ActionsUITests;
				PRODUCT_NAME = "$(TARGET_NAME)";
				SWIFT_EMIT_LOC_STRINGS = NO;
				SWIFT_VERSION = 5.0;
				TARGETED_DEVICE_FAMILY = "1,2";
				TEST_TARGET_NAME = Actions;
			};
			name = Release;
		};
/* End XCBuildConfiguration section */

/* Begin XCConfigurationList section */
		B245DEFF2834CAD700C0A40E /* Build configuration list for PBXProject "Actions" */ = {
			isa = XCConfigurationList;
			buildConfigurations = (
				B245DF262834CADA00C0A40E /* Debug */,
				B245DF272834CADA00C0A40E /* Release */,
			);
			defaultConfigurationIsVisible = 0;
			defaultConfigurationName = Release;
		};
		B245DF282834CADA00C0A40E /* Build configuration list for PBXNativeTarget "Actions" */ = {
			isa = XCConfigurationList;
			buildConfigurations = (
				B245DF292834CADA00C0A40E /* Debug */,
				B245DF2A2834CADA00C0A40E /* Release */,
			);
			defaultConfigurationIsVisible = 0;
			defaultConfigurationName = Release;
		};
		B245DF2B2834CADA00C0A40E /* Build configuration list for PBXNativeTarget "ActionsTests" */ = {
			isa = XCConfigurationList;
			buildConfigurations = (
				B245DF2C2834CADA00C0A40E /* Debug */,
				B245DF2D2834CADA00C0A40E /* Release */,
			);
			defaultConfigurationIsVisible = 0;
			defaultConfigurationName = Release;
		};
		B245DF2E2834CADA00C0A40E /* Build configuration list for PBXNativeTarget "ActionsUITests" */ = {
			isa = XCConfigurationList;
			buildConfigurations = (
				B245DF2F2834CADA00C0A40E /* Debug */,
				B245DF302834CADA00C0A40E /* Release */,
			);
			defaultConfigurationIsVisible = 0;
			defaultConfigurationName = Release;
		};
/* End XCConfigurationList section */
	};
	rootObject = B245DEFC2834CAD700C0A40E /* Project object */;
}
